<?xml version="1.0" encoding="utf-8"?>
<Project ToolsVersion="4.0" xmlns="http://schemas.microsoft.com/developer/msbuild/2003">
  <ItemGroup>
    <Filter Include="Source Files">
      <UniqueIdentifier>{4FC737F1-C7A5-4376-A066-2A32D752A2FF}</UniqueIdentifier>
      <Extensions>cpp;c;cc;cxx;def;odl;idl;hpj;bat;asm;asmx</Extensions>
    </Filter>
    <Filter Include="Header Files">
      <UniqueIdentifier>{93995380-89BD-4b04-88EB-625FBE52EBFB}</UniqueIdentifier>
      <Extensions>h;hpp;hxx;hm;inl;inc;xsd</Extensions>
    </Filter>
    <Filter Include="Resource Files">
      <UniqueIdentifier>{67DA6AB6-F800-4c08-8B7A-83BB121AAD01}</UniqueIdentifier>
      <Extensions>rc;ico;cur;bmp;dlg;rc2;rct;bin;rgs;gif;jpg;jpeg;jpe;resx;tiff;tif;png;wav;mfcribbon-ms</Extensions>
    </Filter>
  </ItemGroup>
  <ItemGroup>
    <None Include="ReadMe.txt" />
    <None Include="res\sfx.rc2">
      <Filter>Resource Files</Filter>
    </None>
    <None Include="res\sfx.ico">
      <Filter>Resource Files</Filter>
    </None>
    <None Include="res\bitmap1.bmp">
      <Filter>Resource Files</Filter>
    </None>
    <None Include="res\sfx_caption.bin">
      <Filter>Resource Files</Filter>
    </None>
    <None Include="res\sfx_description.bin">
      <Filter>Resource Files</Filter>
    </None>
    <None Include="res\sfx_defpath.bin">
      <Filter>Resource Files</Filter>
    </None>
    <None Include="res\sfx_runcmd.bin">
      <Filter>Resource Files</Filter>
    </None>
    <None Include="res\sfx_flags.bin">
      <Filter>Resource Files</Filter>
    </None>
    <None Include="res\sfx_fixupdata.bin">
      <Filter>Resource Files</Filter>
    </None>
    <None Include="res\sfx1.bin">
      <Filter>Resource Files</Filter>
    </None>
    <None Include="res\sfx3.bin">
      <Filter>Resource Files</Filter>
    </None>
    <None Include="res\sfx_script_init.bin">
      <Filter>Resource Files</Filter>
    </None>
    <None Include="res\sfx_script_perfile.bin">
      <Filter>Resource Files</Filter>
    </None>
    <None Include="res\sfx_script_finish.bin">
      <Filter>Resource Files</Filter>
    </None>
    <None Include="res\welcome.htm" />
    <None Include="res\license.htm" />
  </ItemGroup>
  <ItemGroup>
    <ClInclude Include="sfx.h">
      <Filter>Header Files</Filter>
    </ClInclude>
    <ClInclude Include="sfxDlg.h">
      <Filter>Header Files</Filter>
    </ClInclude>
    <ClInclude Include="stdafx.h">
      <Filter>Header Files</Filter>
    </ClInclude>
    <ClInclude Include="targetver.h">
      <Filter>Header Files</Filter>
    </ClInclude>
    <ClInclude Include="Resource.h">
      <Filter>Header Files</Filter>
    </ClInclude>
    <ClInclude Include="WelcomeDlg.h">
      <Filter>Header Files</Filter>
    </ClInclude>
    <ClInclude Include="FinishDlg.h">
      <Filter>Header Files</Filter>
    </ClInclude>
    <ClInclude Include="ProgressDlg.h">
      <Filter>Header Files</Filter>
    </ClInclude>
    <ClInclude Include="TinyJS.h">
      <Filter>Header Files</Filter>
    </ClInclude>
    <ClInclude Include="TinyJS_Functions.h">
      <Filter>Header Files</Filter>
    </ClInclude>
    <ClInclude Include="TinyJS_MathFunctions.h">
      <Filter>Header Files</Filter>
    </ClInclude>
    <ClInclude Include="HtmlCtrl.h">
      <Filter>Header Files</Filter>
    </ClInclude>
    <ClInclude Include="LicenseEntryDlg.h">
      <Filter>Header Files</Filter>
    </ClInclude>
    <ClInclude Include="HttpDownload.h">
      <Filter>Header Files</Filter>
    </ClInclude>
    <ClInclude Include="..\sfxPackager\wtfcolorbar.h">
      <Filter>Header Files</Filter>
    </ClInclude>
    <ClInclude Include="..\sfxPackager\wtfcolorbutton.h">
      <Filter>Header Files</Filter>
    </ClInclude>
    <ClInclude Include="..\sfxPackager\wtfcolormenubutton.h">
      <Filter>Header Files</Filter>
    </ClInclude>
    <ClInclude Include="..\sfxPackager\wtfcolorpopupmenu.h">
      <Filter>Header Files</Filter>
    </ClInclude>
    <ClInclude Include="..\sfxPackager\wtfpropertygridctrl.h">
      <Filter>Header Files</Filter>
    </ClInclude>
    <ClInclude Include="..\sfxPackager\wtfpropertygridtooltipctrl.h">
      <Filter>Header Files</Filter>
    </ClInclude>
    <ClInclude Include="..\sfxPackager\wtfvslistbox.h">
      <Filter>Header Files</Filter>
    </ClInclude>
    <ClInclude Include="PropertyGrid.h">
      <Filter>Header Files</Filter>
    </ClInclude>
    <ClInclude Include="TinyJS_SfxFunctions.h">
      <Filter>Header Files</Filter>
    </ClInclude>
    <ClInclude Include="LicenseAcceptanceDlg.h">
      <Filter>Header Files</Filter>
    </ClInclude>
  </ItemGroup>
  <ItemGroup>
    <ClCompile Include="sfx.cpp">
      <Filter>Source Files</Filter>
    </ClCompile>
    <ClCompile Include="sfxDlg.cpp">
      <Filter>Source Files</Filter>
    </ClCompile>
    <ClCompile Include="stdafx.cpp">
      <Filter>Source Files</Filter>
    </ClCompile>
    <ClCompile Include="WelcomeDlg.cpp">
      <Filter>Source Files</Filter>
    </ClCompile>
    <ClCompile Include="FinishDlg.cpp">
      <Filter>Source Files</Filter>
    </ClCompile>
    <ClCompile Include="ProgressDlg.cpp">
      <Filter>Source Files</Filter>
    </ClCompile>
    <ClCompile Include="TinyJS.cpp">
      <Filter>Source Files</Filter>
    </ClCompile>
    <ClCompile Include="TinyJS_Functions.cpp">
      <Filter>Source Files</Filter>
    </ClCompile>
    <ClCompile Include="TinyJS_MathFunctions.cpp">
      <Filter>Source Files</Filter>
    </ClCompile>
    <ClCompile Include="HtmlCtrl.cpp">
      <Filter>Source Files</Filter>
    </ClCompile>
    <ClCompile Include="LicenseEntryDlg.cpp">
      <Filter>Source Files</Filter>
    </ClCompile>
    <ClCompile Include="HttpDownload.cpp">
      <Filter>Source Files</Filter>
    </ClCompile>
    <ClCompile Include="..\sfxPackager\wtfcolorbar.cpp">
      <Filter>Source Files</Filter>
    </ClCompile>
    <ClCompile Include="..\sfxPackager\wtfcolorbutton.cpp">
      <Filter>Source Files</Filter>
    </ClCompile>
    <ClCompile Include="..\sfxPackager\wtfcolormenubutton.cpp">
      <Filter>Source Files</Filter>
    </ClCompile>
    <ClCompile Include="..\sfxPackager\wtfcolorpopupmenu.cpp">
      <Filter>Source Files</Filter>
    </ClCompile>
    <ClCompile Include="..\sfxPackager\wtfpropertygridctrl.cpp">
      <Filter>Source Files</Filter>
    </ClCompile>
    <ClCompile Include="..\sfxPackager\wtfpropertygridtooltipctrl.cpp">
      <Filter>Source Files</Filter>
    </ClCompile>
    <ClCompile Include="..\sfxPackager\wtfvslistbox.cpp">
      <Filter>Source Files</Filter>
    </ClCompile>
    <ClCompile Include="PropertyGrid.cpp">
      <Filter>Source Files</Filter>
    </ClCompile>
    <ClCompile Include="TinyJS_SfxFunctions.cpp">
      <Filter>Source Files</Filter>
    </ClCompile>
    <ClCompile Include="LicenseAcceptanceDlg.cpp">
      <Filter>Source Files</Filter>
    </ClCompile>
  </ItemGroup>
  <ItemGroup>
    <ResourceCompile Include="sfx.rc">
      <Filter>Resource Files</Filter>
    </ResourceCompile>
  </ItemGroup>
</Project>